
Microsoft Visual Studio Solution File, Format Version 12.00
Project("{2150E333-8FDC-42A3-9474-1A3956D46DE8}") = "src", "src", "{81BEE0D5-5477-48D8-919A-BD84082202B3}"
EndProject
Project("{2150E333-8FDC-42A3-9474-1A3956D46DE8}") = "application", "application", "{B7BC79B6-7FC9-45AB-8C9E-983A2F342850}"
EndProject
Project("{2150E333-8FDC-42A3-9474-1A3956D46DE8}") = "domain", "domain", "{1EE7C558-5E96-4F2E-A425-50A0521E5E53}"
EndProject
Project("{2150E333-8FDC-42A3-9474-1A3956D46DE8}") = "infrastructure", "infrastructure", "{A157C127-DF73-47B6-868B-A5C77BA08149}"
EndProject
Project("{2150E333-8FDC-42A3-9474-1A3956D46DE8}") = "presentation", "presentation", "{968C3EE7-E554-4349-9D97-2C65DE3866DE}"
EndProject
Project("{2150E333-8FDC-42A3-9474-1A3956D46DE8}") = "tst", "tst", "{231180C2-50C3-4A2E-894F-F85E5FF7A737}"
EndProject
Project("{2150E333-8FDC-42A3-9474-1A3956D46DE8}") = "application", "application", "{517EB975-89E2-4D36-A5C4-A5CCCD290429}"
EndProject
Project("{2150E333-8FDC-42A3-9474-1A3956D46DE8}") = "domain", "domain", "{6EED2F15-E4C1-4626-8DB8-872299C9B061}"
EndProject
Project("{2150E333-8FDC-42A3-9474-1A3956D46DE8}") = "infrastructure", "infrastructure", "{C4999FAC-2DCD-4985-898D-BC7E81758FCD}"
EndProject
Project("{2150E333-8FDC-42A3-9474-1A3956D46DE8}") = "presentation", "presentation", "{354E2279-5199-4E95-90F7-C12303740AB9}"
EndProject
Project("{FAE04EC0-301F-11D3-BF4B-00C04F79EFBC}") = "qb8s.net.OptiFit.Core", "src\domain\qb8s.net.OptiFit.Core\qb8s.net.OptiFit.Core.csproj", "{E78A4F65-B64F-4054-AED3-64A35AF1E1E2}"
EndProject
Project("{FAE04EC0-301F-11D3-BF4B-00C04F79EFBC}") = "qb8s.net.OptiFit.Persistence", "src\infrastructure\qb8s.net.OptiFit.Persistence\qb8s.net.OptiFit.Persistence.csproj", "{BD445171-C130-4316-9D2D-3B07F68F6118}"
EndProject
Project("{FAE04EC0-301F-11D3-BF4B-00C04F79EFBC}") = "qb8s.net.OptiFit.Api", "src\presentation\qb8s.net.OptiFit.Api\qb8s.net.OptiFit.Api.csproj", "{7C38D5CC-E329-4847-9D53-4DE072698899}"
EndProject
Project("{FAE04EC0-301F-11D3-BF4B-00C04F79EFBC}") = "qb8s.net.OptiFit.CQRS", "src\application\qb8s.net.OptiFit.CQRS\qb8s.net.OptiFit.CQRS.csproj", "{2B5D78AD-E98D-4F13-9AE6-288A4300F9C9}"
EndProject
Global
	GlobalSection(SolutionConfigurationPlatforms) = preSolution
		Debug|Any CPU = Debug|Any CPU
		Release|Any CPU = Release|Any CPU
	EndGlobalSection
	GlobalSection(NestedProjects) = preSolution
		{B7BC79B6-7FC9-45AB-8C9E-983A2F342850} = {81BEE0D5-5477-48D8-919A-BD84082202B3}
		{1EE7C558-5E96-4F2E-A425-50A0521E5E53} = {81BEE0D5-5477-48D8-919A-BD84082202B3}
		{A157C127-DF73-47B6-868B-A5C77BA08149} = {81BEE0D5-5477-48D8-919A-BD84082202B3}
		{968C3EE7-E554-4349-9D97-2C65DE3866DE} = {81BEE0D5-5477-48D8-919A-BD84082202B3}
		{517EB975-89E2-4D36-A5C4-A5CCCD290429} = {231180C2-50C3-4A2E-894F-F85E5FF7A737}
		{6EED2F15-E4C1-4626-8DB8-872299C9B061} = {231180C2-50C3-4A2E-894F-F85E5FF7A737}
		{C4999FAC-2DCD-4985-898D-BC7E81758FCD} = {231180C2-50C3-4A2E-894F-F85E5FF7A737}
		{354E2279-5199-4E95-90F7-C12303740AB9} = {231180C2-50C3-4A2E-894F-F85E5FF7A737}
		{E78A4F65-B64F-4054-AED3-64A35AF1E1E2} = {1EE7C558-5E96-4F2E-A425-50A0521E5E53}
		{BD445171-C130-4316-9D2D-3B07F68F6118} = {A157C127-DF73-47B6-868B-A5C77BA08149}
		{7C38D5CC-E329-4847-9D53-4DE072698899} = {968C3EE7-E554-4349-9D97-2C65DE3866DE}
		{2B5D78AD-E98D-4F13-9AE6-288A4300F9C9} = {B7BC79B6-7FC9-45AB-8C9E-983A2F342850}
	EndGlobalSection
	GlobalSection(ProjectConfigurationPlatforms) = postSolution
		{E78A4F65-B64F-4054-AED3-64A35AF1E1E2}.Debug|Any CPU.ActiveCfg = Debug|Any CPU
		{E78A4F65-B64F-4054-AED3-64A35AF1E1E2}.Debug|Any CPU.Build.0 = Debug|Any CPU
		{E78A4F65-B64F-4054-AED3-64A35AF1E1E2}.Release|Any CPU.ActiveCfg = Release|Any CPU
		{E78A4F65-B64F-4054-AED3-64A35AF1E1E2}.Release|Any CPU.Build.0 = Release|Any CPU
		{BD445171-C130-4316-9D2D-3B07F68F6118}.Debug|Any CPU.ActiveCfg = Debug|Any CPU
		{BD445171-C130-4316-9D2D-3B07F68F6118}.Debug|Any CPU.Build.0 = Debug|Any CPU
		{BD445171-C130-4316-9D2D-3B07F68F6118}.Release|Any CPU.ActiveCfg = Release|Any CPU
		{BD445171-C130-4316-9D2D-3B07F68F6118}.Release|Any CPU.Build.0 = Release|Any CPU
		{7C38D5CC-E329-4847-9D53-4DE072698899}.Debug|Any CPU.ActiveCfg = Debug|Any CPU
		{7C38D5CC-E329-4847-9D53-4DE072698899}.Debug|Any CPU.Build.0 = Debug|Any CPU
		{7C38D5CC-E329-4847-9D53-4DE072698899}.Release|Any CPU.ActiveCfg = Release|Any CPU
		{7C38D5CC-E329-4847-9D53-4DE072698899}.Release|Any CPU.Build.0 = Release|Any CPU
		{2B5D78AD-E98D-4F13-9AE6-288A4300F9C9}.Debug|Any CPU.ActiveCfg = Debug|Any CPU
		{2B5D78AD-E98D-4F13-9AE6-288A4300F9C9}.Debug|Any CPU.Build.0 = Debug|Any CPU
		{2B5D78AD-E98D-4F13-9AE6-288A4300F9C9}.Release|Any CPU.ActiveCfg = Release|Any CPU
		{2B5D78AD-E98D-4F13-9AE6-288A4300F9C9}.Release|Any CPU.Build.0 = Release|Any CPU
	EndGlobalSection
EndGlobal
